{
  "pins" : [
    {
      "identity" : "dypopoverview",
      "kind" : "remoteSourceControl",
      "location" : "https://github.com/DominikButz/DYPopoverView.git",
      "state" : {
        "revision" : "1dbd6cca68d4d833bbe7e0122913eecf39d41c2e",
        "version" : "1.1.1"
      }
    }
  ],
  "version" : 2
}
