// !$*UTF8*$!
{
	archiveVersion = 1;
	classes = {
	};
	objectVersion = 56;
	objects = {

/* Begin PBXBuildFile section */
		240179472A4C8B7A0081A1AB /* StarterView.swift in Sources */ = {isa = PBXBuildFile; fileRef = 240179462A4C8B7A0081A1AB /* StarterView.swift */; };
		240179492A4C8C030081A1AB /* Profile.swift in Sources */ = {isa = PBXBuildFile; fileRef = 240179482A4C8C030081A1AB /* Profile.swift */; };
		2401794B2A4CA4200081A1AB /* ModelData.swift in Sources */ = {isa = PBXBuildFile; fileRef = 2401794A2A4CA4200081A1AB /* ModelData.swift */; };
		2401794D2A4CA9D00081A1AB /* NameView.swift in Sources */ = {isa = PBXBuildFile; fileRef = 2401794C2A4CA9D00081A1AB /* NameView.swift */; };
		2401794F2A4CBF200081A1AB /* BirthdayView.swift in Sources */ = {isa = PBXBuildFile; fileRef = 2401794E2A4CBF200081A1AB /* BirthdayView.swift */; };
		240179582A4DC55B0081A1AB /* CountryNumbers.json in Resources */ = {isa = PBXBuildFile; fileRef = 240179572A4DC55B0081A1AB /* CountryNumbers.json */; };
		2401795A2A4DC6E00081A1AB /* CountryPhoneData.swift in Sources */ = {isa = PBXBuildFile; fileRef = 240179592A4DC6E00081A1AB /* CountryPhoneData.swift */; };
		2401795E2A4DCAF10081A1AB /* PhoneNumberView.swift in Sources */ = {isa = PBXBuildFile; fileRef = 2401795D2A4DCAF10081A1AB /* PhoneNumberView.swift */; };
		5B409F262A422B0900F07255 /* flockApp.swift in Sources */ = {isa = PBXBuildFile; fileRef = 5B409F252A422B0900F07255 /* flockApp.swift */; };
		5B409F282A422B0900F07255 /* ContentView.swift in Sources */ = {isa = PBXBuildFile; fileRef = 5B409F272A422B0900F07255 /* ContentView.swift */; };
		5B409F2A2A422B0A00F07255 /* Assets.xcassets in Resources */ = {isa = PBXBuildFile; fileRef = 5B409F292A422B0A00F07255 /* Assets.xcassets */; };
		5B409F2E2A422B0A00F07255 /* Preview Assets.xcassets in Resources */ = {isa = PBXBuildFile; fileRef = 5B409F2D2A422B0A00F07255 /* Preview Assets.xcassets */; };
		5B5186C32A4E0FF500DC86C5 /* PictureUploadView.swift in Sources */ = {isa = PBXBuildFile; fileRef = 5B5186C22A4E0FF500DC86C5 /* PictureUploadView.swift */; };
		5B5186C52A4E102300DC86C5 /* ImagePicker.swift in Sources */ = {isa = PBXBuildFile; fileRef = 5B5186C42A4E102300DC86C5 /* ImagePicker.swift */; };
		5BA73F172A422C9C00D30795 /* TitleView.swift in Sources */ = {isa = PBXBuildFile; fileRef = 5BA73F162A422C9C00D30795 /* TitleView.swift */; };
		5BA73F192A4232A800D30795 /* LoginView.swift in Sources */ = {isa = PBXBuildFile; fileRef = 5BA73F182A4232A800D30795 /* LoginView.swift */; };
		5BA73F1B2A4235D800D30795 /* CustomInputField.swift in Sources */ = {isa = PBXBuildFile; fileRef = 5BA73F1A2A4235D800D30795 /* CustomInputField.swift */; };
		5BA73F1E2A433B1F00D30795 /* Color.swift in Sources */ = {isa = PBXBuildFile; fileRef = 5BA73F1D2A433B1F00D30795 /* Color.swift */; };
		5BA73F322A448D5800D30795 /* Poppins-BoldItalic.ttf in Resources */ = {isa = PBXBuildFile; fileRef = 5BA73F202A448D5700D30795 /* Poppins-BoldItalic.ttf */; };
		5BA73F332A448D5800D30795 /* Poppins-Regular.ttf in Resources */ = {isa = PBXBuildFile; fileRef = 5BA73F212A448D5700D30795 /* Poppins-Regular.ttf */; };
		5BA73F342A448D5800D30795 /* Poppins-BlackItalic.ttf in Resources */ = {isa = PBXBuildFile; fileRef = 5BA73F222A448D5700D30795 /* Poppins-BlackItalic.ttf */; };
		5BA73F352A448D5800D30795 /* Poppins-LightItalic.ttf in Resources */ = {isa = PBXBuildFile; fileRef = 5BA73F232A448D5700D30795 /* Poppins-LightItalic.ttf */; };
		5BA73F362A448D5800D30795 /* Poppins-SemiBold.ttf in Resources */ = {isa = PBXBuildFile; fileRef = 5BA73F242A448D5700D30795 /* Poppins-SemiBold.ttf */; };
		5BA73F372A448D5800D30795 /* Poppins-SemiBoldItalic.ttf in Resources */ = {isa = PBXBuildFile; fileRef = 5BA73F252A448D5700D30795 /* Poppins-SemiBoldItalic.ttf */; };
		5BA73F382A448D5800D30795 /* Poppins-MediumItalic.ttf in Resources */ = {isa = PBXBuildFile; fileRef = 5BA73F262A448D5700D30795 /* Poppins-MediumItalic.ttf */; };
		5BA73F392A448D5800D30795 /* Poppins-Italic.ttf in Resources */ = {isa = PBXBuildFile; fileRef = 5BA73F272A448D5700D30795 /* Poppins-Italic.ttf */; };
		5BA73F3A2A448D5800D30795 /* Poppins-Light.ttf in Resources */ = {isa = PBXBuildFile; fileRef = 5BA73F282A448D5700D30795 /* Poppins-Light.ttf */; };
		5BA73F3B2A448D5800D30795 /* Poppins-ExtraLightItalic.ttf in Resources */ = {isa = PBXBuildFile; fileRef = 5BA73F292A448D5700D30795 /* Poppins-ExtraLightItalic.ttf */; };
		5BA73F3C2A448D5800D30795 /* Poppins-Bold.ttf in Resources */ = {isa = PBXBuildFile; fileRef = 5BA73F2A2A448D5700D30795 /* Poppins-Bold.ttf */; };
		5BA73F3D2A448D5800D30795 /* Poppins-ExtraLight.ttf in Resources */ = {isa = PBXBuildFile; fileRef = 5BA73F2B2A448D5700D30795 /* Poppins-ExtraLight.ttf */; };
		5BA73F3E2A448D5800D30795 /* Poppins-ThinItalic.ttf in Resources */ = {isa = PBXBuildFile; fileRef = 5BA73F2C2A448D5700D30795 /* Poppins-ThinItalic.ttf */; };
		5BA73F3F2A448D5800D30795 /* Poppins-Thin.ttf in Resources */ = {isa = PBXBuildFile; fileRef = 5BA73F2D2A448D5800D30795 /* Poppins-Thin.ttf */; };
		5BA73F402A448D5800D30795 /* Poppins-Medium.ttf in Resources */ = {isa = PBXBuildFile; fileRef = 5BA73F2E2A448D5800D30795 /* Poppins-Medium.ttf */; };
		5BA73F412A448D5800D30795 /* Poppins-Black.ttf in Resources */ = {isa = PBXBuildFile; fileRef = 5BA73F2F2A448D5800D30795 /* Poppins-Black.ttf */; };
		5BA73F422A448D5800D30795 /* Poppins-ExtraBold.ttf in Resources */ = {isa = PBXBuildFile; fileRef = 5BA73F302A448D5800D30795 /* Poppins-ExtraBold.ttf */; };
		5BA73F432A448D5800D30795 /* Poppins-ExtraBoldItalic.ttf in Resources */ = {isa = PBXBuildFile; fileRef = 5BA73F312A448D5800D30795 /* Poppins-ExtraBoldItalic.ttf */; };
		5BA73F462A44981000D30795 /* Font.swift in Sources */ = {isa = PBXBuildFile; fileRef = 5BA73F452A44981000D30795 /* Font.swift */; };
		5BA73F4C2A44A86800D30795 /* FilledButton.swift in Sources */ = {isa = PBXBuildFile; fileRef = 5BA73F4B2A44A86800D30795 /* FilledButton.swift */; };
		5BA73F522A44BC9200D30795 /* OutlinedButton.swift in Sources */ = {isa = PBXBuildFile; fileRef = 5BA73F512A44BC9200D30795 /* OutlinedButton.swift */; };
		5BA73F582A44C8C100D30795 /* WelcomeView.swift in Sources */ = {isa = PBXBuildFile; fileRef = 5BA73F572A44C8C100D30795 /* WelcomeView.swift */; };
		5BA73F5A2A44CFC600D30795 /* LogisticsView.swift in Sources */ = {isa = PBXBuildFile; fileRef = 5BA73F592A44CFC600D30795 /* LogisticsView.swift */; };
		5BA73F602A44D47A00D30795 /* IdentityView.swift in Sources */ = {isa = PBXBuildFile; fileRef = 5BA73F5F2A44D47A00D30795 /* IdentityView.swift */; };
		5BA73F622A45D4CA00D30795 /* VerificationView.swift in Sources */ = {isa = PBXBuildFile; fileRef = 5BA73F612A45D4CA00D30795 /* VerificationView.swift */; };
		5BA73F642A45D64C00D30795 /* OTPViewModel.swift in Sources */ = {isa = PBXBuildFile; fileRef = 5BA73F632A45D64C00D30795 /* OTPViewModel.swift */; };
		5BE4B0162A49D2AA007392C6 /* OnboardingView.swift in Sources */ = {isa = PBXBuildFile; fileRef = 5BE4B0152A49D2AA007392C6 /* OnboardingView.swift */; };
/* End PBXBuildFile section */

/* Begin PBXFileReference section */
		240179462A4C8B7A0081A1AB /* StarterView.swift */ = {isa = PBXFileReference; lastKnownFileType = sourcecode.swift; path = StarterView.swift; sourceTree = "<group>"; };
		240179482A4C8C030081A1AB /* Profile.swift */ = {isa = PBXFileReference; lastKnownFileType = sourcecode.swift; name = Profile.swift; path = flock/Core/Auth/Views/Profile.swift; sourceTree = SOURCE_ROOT; };
		2401794A2A4CA4200081A1AB /* ModelData.swift */ = {isa = PBXFileReference; lastKnownFileType = sourcecode.swift; name = ModelData.swift; path = flock/Core/Auth/Views/ModelData.swift; sourceTree = SOURCE_ROOT; };
		2401794C2A4CA9D00081A1AB /* NameView.swift */ = {isa = PBXFileReference; lastKnownFileType = sourcecode.swift; path = NameView.swift; sourceTree = "<group>"; };
		2401794E2A4CBF200081A1AB /* BirthdayView.swift */ = {isa = PBXFileReference; lastKnownFileType = sourcecode.swift; path = BirthdayView.swift; sourceTree = "<group>"; };
		240179572A4DC55B0081A1AB /* CountryNumbers.json */ = {isa = PBXFileReference; fileEncoding = 4; lastKnownFileType = text.json; path = CountryNumbers.json; sourceTree = "<group>"; };
		240179592A4DC6E00081A1AB /* CountryPhoneData.swift */ = {isa = PBXFileReference; lastKnownFileType = sourcecode.swift; name = CountryPhoneData.swift; path = flock/Resources/CountryPhoneData.swift; sourceTree = SOURCE_ROOT; };
		2401795D2A4DCAF10081A1AB /* PhoneNumberView.swift */ = {isa = PBXFileReference; lastKnownFileType = sourcecode.swift; path = PhoneNumberView.swift; sourceTree = "<group>"; };
		5B409F222A422B0900F07255 /* flock.app */ = {isa = PBXFileReference; explicitFileType = wrapper.application; includeInIndex = 0; path = flock.app; sourceTree = BUILT_PRODUCTS_DIR; };
		5B409F252A422B0900F07255 /* flockApp.swift */ = {isa = PBXFileReference; lastKnownFileType = sourcecode.swift; path = flockApp.swift; sourceTree = "<group>"; };
		5B409F272A422B0900F07255 /* ContentView.swift */ = {isa = PBXFileReference; lastKnownFileType = sourcecode.swift; path = ContentView.swift; sourceTree = "<group>"; };
		5B409F292A422B0A00F07255 /* Assets.xcassets */ = {isa = PBXFileReference; lastKnownFileType = folder.assetcatalog; path = Assets.xcassets; sourceTree = "<group>"; };
		5B409F2B2A422B0A00F07255 /* flock.entitlements */ = {isa = PBXFileReference; lastKnownFileType = text.plist.entitlements; path = flock.entitlements; sourceTree = "<group>"; };
		5B409F2D2A422B0A00F07255 /* Preview Assets.xcassets */ = {isa = PBXFileReference; lastKnownFileType = folder.assetcatalog; path = "Preview Assets.xcassets"; sourceTree = "<group>"; };
		5B5186C22A4E0FF500DC86C5 /* PictureUploadView.swift */ = {isa = PBXFileReference; lastKnownFileType = sourcecode.swift; path = PictureUploadView.swift; sourceTree = "<group>"; };
		5B5186C42A4E102300DC86C5 /* ImagePicker.swift */ = {isa = PBXFileReference; lastKnownFileType = sourcecode.swift; path = ImagePicker.swift; sourceTree = "<group>"; };
		5BA73F162A422C9C00D30795 /* TitleView.swift */ = {isa = PBXFileReference; lastKnownFileType = sourcecode.swift; path = TitleView.swift; sourceTree = "<group>"; };
		5BA73F182A4232A800D30795 /* LoginView.swift */ = {isa = PBXFileReference; lastKnownFileType = sourcecode.swift; path = LoginView.swift; sourceTree = "<group>"; };
		5BA73F1A2A4235D800D30795 /* CustomInputField.swift */ = {isa = PBXFileReference; lastKnownFileType = sourcecode.swift; path = CustomInputField.swift; sourceTree = "<group>"; };
		5BA73F1D2A433B1F00D30795 /* Color.swift */ = {isa = PBXFileReference; lastKnownFileType = sourcecode.swift; path = Color.swift; sourceTree = "<group>"; };
		5BA73F202A448D5700D30795 /* Poppins-BoldItalic.ttf */ = {isa = PBXFileReference; lastKnownFileType = file; path = "Poppins-BoldItalic.ttf"; sourceTree = "<group>"; };
		5BA73F212A448D5700D30795 /* Poppins-Regular.ttf */ = {isa = PBXFileReference; lastKnownFileType = file; path = "Poppins-Regular.ttf"; sourceTree = "<group>"; };
		5BA73F222A448D5700D30795 /* Poppins-BlackItalic.ttf */ = {isa = PBXFileReference; lastKnownFileType = file; path = "Poppins-BlackItalic.ttf"; sourceTree = "<group>"; };
		5BA73F232A448D5700D30795 /* Poppins-LightItalic.ttf */ = {isa = PBXFileReference; lastKnownFileType = file; path = "Poppins-LightItalic.ttf"; sourceTree = "<group>"; };
		5BA73F242A448D5700D30795 /* Poppins-SemiBold.ttf */ = {isa = PBXFileReference; lastKnownFileType = file; path = "Poppins-SemiBold.ttf"; sourceTree = "<group>"; };
		5BA73F252A448D5700D30795 /* Poppins-SemiBoldItalic.ttf */ = {isa = PBXFileReference; lastKnownFileType = file; path = "Poppins-SemiBoldItalic.ttf"; sourceTree = "<group>"; };
		5BA73F262A448D5700D30795 /* Poppins-MediumItalic.ttf */ = {isa = PBXFileReference; lastKnownFileType = file; path = "Poppins-MediumItalic.ttf"; sourceTree = "<group>"; };
		5BA73F272A448D5700D30795 /* Poppins-Italic.ttf */ = {isa = PBXFileReference; lastKnownFileType = file; path = "Poppins-Italic.ttf"; sourceTree = "<group>"; };
		5BA73F282A448D5700D30795 /* Poppins-Light.ttf */ = {isa = PBXFileReference; lastKnownFileType = file; path = "Poppins-Light.ttf"; sourceTree = "<group>"; };
		5BA73F292A448D5700D30795 /* Poppins-ExtraLightItalic.ttf */ = {isa = PBXFileReference; lastKnownFileType = file; path = "Poppins-ExtraLightItalic.ttf"; sourceTree = "<group>"; };
		5BA73F2A2A448D5700D30795 /* Poppins-Bold.ttf */ = {isa = PBXFileReference; lastKnownFileType = file; path = "Poppins-Bold.ttf"; sourceTree = "<group>"; };
		5BA73F2B2A448D5700D30795 /* Poppins-ExtraLight.ttf */ = {isa = PBXFileReference; lastKnownFileType = file; path = "Poppins-ExtraLight.ttf"; sourceTree = "<group>"; };
		5BA73F2C2A448D5700D30795 /* Poppins-ThinItalic.ttf */ = {isa = PBXFileReference; lastKnownFileType = file; path = "Poppins-ThinItalic.ttf"; sourceTree = "<group>"; };
		5BA73F2D2A448D5800D30795 /* Poppins-Thin.ttf */ = {isa = PBXFileReference; lastKnownFileType = file; path = "Poppins-Thin.ttf"; sourceTree = "<group>"; };
		5BA73F2E2A448D5800D30795 /* Poppins-Medium.ttf */ = {isa = PBXFileReference; lastKnownFileType = file; path = "Poppins-Medium.ttf"; sourceTree = "<group>"; };
		5BA73F2F2A448D5800D30795 /* Poppins-Black.ttf */ = {isa = PBXFileReference; lastKnownFileType = file; path = "Poppins-Black.ttf"; sourceTree = "<group>"; };
		5BA73F302A448D5800D30795 /* Poppins-ExtraBold.ttf */ = {isa = PBXFileReference; lastKnownFileType = file; path = "Poppins-ExtraBold.ttf"; sourceTree = "<group>"; };
		5BA73F312A448D5800D30795 /* Poppins-ExtraBoldItalic.ttf */ = {isa = PBXFileReference; lastKnownFileType = file; path = "Poppins-ExtraBoldItalic.ttf"; sourceTree = "<group>"; };
		5BA73F442A4496F700D30795 /* Info.plist */ = {isa = PBXFileReference; lastKnownFileType = text.plist; path = Info.plist; sourceTree = "<group>"; };
		5BA73F452A44981000D30795 /* Font.swift */ = {isa = PBXFileReference; lastKnownFileType = sourcecode.swift; path = Font.swift; sourceTree = "<group>"; };
		5BA73F4B2A44A86800D30795 /* FilledButton.swift */ = {isa = PBXFileReference; lastKnownFileType = sourcecode.swift; path = FilledButton.swift; sourceTree = "<group>"; };
		5BA73F512A44BC9200D30795 /* OutlinedButton.swift */ = {isa = PBXFileReference; lastKnownFileType = sourcecode.swift; path = OutlinedButton.swift; sourceTree = "<group>"; };
		5BA73F572A44C8C100D30795 /* WelcomeView.swift */ = {isa = PBXFileReference; lastKnownFileType = sourcecode.swift; path = WelcomeView.swift; sourceTree = "<group>"; };
		5BA73F592A44CFC600D30795 /* LogisticsView.swift */ = {isa = PBXFileReference; lastKnownFileType = sourcecode.swift; path = LogisticsView.swift; sourceTree = "<group>"; };
		5BA73F5F2A44D47A00D30795 /* IdentityView.swift */ = {isa = PBXFileReference; lastKnownFileType = sourcecode.swift; path = IdentityView.swift; sourceTree = "<group>"; };
		5BA73F612A45D4CA00D30795 /* VerificationView.swift */ = {isa = PBXFileReference; lastKnownFileType = sourcecode.swift; path = VerificationView.swift; sourceTree = "<group>"; };
		5BA73F632A45D64C00D30795 /* OTPViewModel.swift */ = {isa = PBXFileReference; lastKnownFileType = sourcecode.swift; path = OTPViewModel.swift; sourceTree = "<group>"; };
		5BE4B0152A49D2AA007392C6 /* OnboardingView.swift */ = {isa = PBXFileReference; lastKnownFileType = sourcecode.swift; path = OnboardingView.swift; sourceTree = "<group>"; };
/* End PBXFileReference section */

/* Begin PBXFrameworksBuildPhase section */
		5B409F1F2A422B0900F07255 /* Frameworks */ = {
			isa = PBXFrameworksBuildPhase;
			buildActionMask = 2147483647;
			files = (
			);
			runOnlyForDeploymentPostprocessing = 0;
		};
/* End PBXFrameworksBuildPhase section */

/* Begin PBXGroup section */
		240179452A4C87DE0081A1AB /* Onboarding */ = {
			isa = PBXGroup;
			children = (
				2401794C2A4CA9D00081A1AB /* NameView.swift */,
				2401794E2A4CBF200081A1AB /* BirthdayView.swift */,
				2401795D2A4DCAF10081A1AB /* PhoneNumberView.swift */,
			);
			path = Onboarding;
			sourceTree = "<group>";
		};
		240179562A4DC5490081A1AB /* Resources */ = {
			isa = PBXGroup;
			children = (
				240179572A4DC55B0081A1AB /* CountryNumbers.json */,
			);
			path = Resources;
			sourceTree = "<group>";
		};
		5B409F192A422B0800F07255 = {
			isa = PBXGroup;
			children = (
				5B409F242A422B0900F07255 /* flock */,
				5B409F232A422B0900F07255 /* Products */,
			);
			sourceTree = "<group>";
		};
		5B409F232A422B0900F07255 /* Products */ = {
			isa = PBXGroup;
			children = (
				5B409F222A422B0900F07255 /* flock.app */,
			);
			name = Products;
			sourceTree = "<group>";
		};
		5B409F242A422B0900F07255 /* flock */ = {
			isa = PBXGroup;
			children = (
				240179562A4DC5490081A1AB /* Resources */,
				5BA73F442A4496F700D30795 /* Info.plist */,
				5BA73F1F2A448D2200D30795 /* Font */,
				5BA73F112A422B9600D30795 /* Extensions */,
				5BA73F102A422B9500D30795 /* Model */,
				5BA73F0F2A422B9200D30795 /* Utils */,
				5BA73F0E2A422B8A00D30795 /* Core */,
				5B409F252A422B0900F07255 /* flockApp.swift */,
				5B409F272A422B0900F07255 /* ContentView.swift */,
				5B409F292A422B0A00F07255 /* Assets.xcassets */,
				5B409F2B2A422B0A00F07255 /* flock.entitlements */,
				5B409F2C2A422B0A00F07255 /* Preview Content */,
			);
			path = flock;
			sourceTree = "<group>";
		};
		5B409F2C2A422B0A00F07255 /* Preview Content */ = {
			isa = PBXGroup;
			children = (
				5B409F2D2A422B0A00F07255 /* Preview Assets.xcassets */,
			);
			path = "Preview Content";
			sourceTree = "<group>";
		};
		5BA73F0E2A422B8A00D30795 /* Core */ = {
			isa = PBXGroup;
			children = (
				5BA73F132A422BF800D30795 /* Auth */,
				5BA73F122A422BB600D30795 /* Components */,
			);
			path = Core;
			sourceTree = "<group>";
		};
		5BA73F0F2A422B9200D30795 /* Utils */ = {
			isa = PBXGroup;
			children = (
			);
			path = Utils;
			sourceTree = "<group>";
		};
		5BA73F102A422B9500D30795 /* Model */ = {
			isa = PBXGroup;
			children = (
				240179592A4DC6E00081A1AB /* CountryPhoneData.swift */,
				240179482A4C8C030081A1AB /* Profile.swift */,
				2401794A2A4CA4200081A1AB /* ModelData.swift */,
			);
			path = Model;
			sourceTree = "<group>";
		};
		5BA73F112A422B9600D30795 /* Extensions */ = {
			isa = PBXGroup;
			children = (
				5BA73F1D2A433B1F00D30795 /* Color.swift */,
				5BA73F452A44981000D30795 /* Font.swift */,
			);
			path = Extensions;
			sourceTree = "<group>";
		};
		5BA73F122A422BB600D30795 /* Components */ = {
			isa = PBXGroup;
			children = (
				5BA73F1A2A4235D800D30795 /* CustomInputField.swift */,
				5B5186C42A4E102300DC86C5 /* ImagePicker.swift */,
				5BA73F4B2A44A86800D30795 /* FilledButton.swift */,
				5BA73F512A44BC9200D30795 /* OutlinedButton.swift */,
			);
			path = Components;
			sourceTree = "<group>";
		};
		5BA73F132A422BF800D30795 /* Auth */ = {
			isa = PBXGroup;
			children = (
				5BA73F152A422C0300D30795 /* Views */,
				5BA73F142A422BFD00D30795 /* ViewModels */,
			);
			path = Auth;
			sourceTree = "<group>";
		};
		5BA73F142A422BFD00D30795 /* ViewModels */ = {
			isa = PBXGroup;
			children = (
				5BA73F632A45D64C00D30795 /* OTPViewModel.swift */,
			);
			path = ViewModels;
			sourceTree = "<group>";
		};
		5BA73F152A422C0300D30795 /* Views */ = {
			isa = PBXGroup;
			children = (
				240179462A4C8B7A0081A1AB /* StarterView.swift */,
				240179452A4C87DE0081A1AB /* Onboarding */,
				5BA73F162A422C9C00D30795 /* TitleView.swift */,
				5BE4B0152A49D2AA007392C6 /* OnboardingView.swift */,
				5BA73F182A4232A800D30795 /* LoginView.swift */,
				5BA73F612A45D4CA00D30795 /* VerificationView.swift */,
				5BA73F592A44CFC600D30795 /* LogisticsView.swift */,
				5B5186C22A4E0FF500DC86C5 /* PictureUploadView.swift */,
				5BA73F5F2A44D47A00D30795 /* IdentityView.swift */,
				5BA73F572A44C8C100D30795 /* WelcomeView.swift */,
			);
			path = Views;
			sourceTree = "<group>";
		};
		5BA73F1F2A448D2200D30795 /* Font */ = {
			isa = PBXGroup;
			children = (
				5BA73F2F2A448D5800D30795 /* Poppins-Black.ttf */,
				5BA73F222A448D5700D30795 /* Poppins-BlackItalic.ttf */,
				5BA73F2A2A448D5700D30795 /* Poppins-Bold.ttf */,
				5BA73F202A448D5700D30795 /* Poppins-BoldItalic.ttf */,
				5BA73F302A448D5800D30795 /* Poppins-ExtraBold.ttf */,
				5BA73F312A448D5800D30795 /* Poppins-ExtraBoldItalic.ttf */,
				5BA73F2B2A448D5700D30795 /* Poppins-ExtraLight.ttf */,
				5BA73F292A448D5700D30795 /* Poppins-ExtraLightItalic.ttf */,
				5BA73F272A448D5700D30795 /* Poppins-Italic.ttf */,
				5BA73F282A448D5700D30795 /* Poppins-Light.ttf */,
				5BA73F232A448D5700D30795 /* Poppins-LightItalic.ttf */,
				5BA73F2E2A448D5800D30795 /* Poppins-Medium.ttf */,
				5BA73F262A448D5700D30795 /* Poppins-MediumItalic.ttf */,
				5BA73F212A448D5700D30795 /* Poppins-Regular.ttf */,
				5BA73F242A448D5700D30795 /* Poppins-SemiBold.ttf */,
				5BA73F252A448D5700D30795 /* Poppins-SemiBoldItalic.ttf */,
				5BA73F2D2A448D5800D30795 /* Poppins-Thin.ttf */,
				5BA73F2C2A448D5700D30795 /* Poppins-ThinItalic.ttf */,
			);
			path = Font;
			sourceTree = "<group>";
		};
/* End PBXGroup section */

/* Begin PBXNativeTarget section */
		5B409F212A422B0900F07255 /* flock */ = {
			isa = PBXNativeTarget;
			buildConfigurationList = 5B409F312A422B0A00F07255 /* Build configuration list for PBXNativeTarget "flock" */;
			buildPhases = (
				5B409F1E2A422B0900F07255 /* Sources */,
				5B409F1F2A422B0900F07255 /* Frameworks */,
				5B409F202A422B0900F07255 /* Resources */,
			);
			buildRules = (
			);
			dependencies = (
			);
			name = flock;
			productName = flock;
			productReference = 5B409F222A422B0900F07255 /* flock.app */;
			productType = "com.apple.product-type.application";
		};
/* End PBXNativeTarget section */

/* Begin PBXProject section */
		5B409F1A2A422B0800F07255 /* Project object */ = {
			isa = PBXProject;
			attributes = {
				BuildIndependentTargetsInParallel = 1;
				LastSwiftUpdateCheck = 1420;
				LastUpgradeCheck = 1420;
				TargetAttributes = {
					5B409F212A422B0900F07255 = {
						CreatedOnToolsVersion = 14.2;
					};
				};
			};
			buildConfigurationList = 5B409F1D2A422B0800F07255 /* Build configuration list for PBXProject "flock" */;
			compatibilityVersion = "Xcode 14.0";
			developmentRegion = en;
			hasScannedForEncodings = 0;
			knownRegions = (
				en,
				Base,
			);
			mainGroup = 5B409F192A422B0800F07255;
			productRefGroup = 5B409F232A422B0900F07255 /* Products */;
			projectDirPath = "";
			projectRoot = "";
			targets = (
				5B409F212A422B0900F07255 /* flock */,
			);
		};
/* End PBXProject section */

/* Begin PBXResourcesBuildPhase section */
		5B409F202A422B0900F07255 /* Resources */ = {
			isa = PBXResourcesBuildPhase;
			buildActionMask = 2147483647;
			files = (
				5BA73F3B2A448D5800D30795 /* Poppins-ExtraLightItalic.ttf in Resources */,
				5BA73F322A448D5800D30795 /* Poppins-BoldItalic.ttf in Resources */,
				5BA73F372A448D5800D30795 /* Poppins-SemiBoldItalic.ttf in Resources */,
				5BA73F362A448D5800D30795 /* Poppins-SemiBold.ttf in Resources */,
				5BA73F432A448D5800D30795 /* Poppins-ExtraBoldItalic.ttf in Resources */,
				5BA73F402A448D5800D30795 /* Poppins-Medium.ttf in Resources */,
				5BA73F352A448D5800D30795 /* Poppins-LightItalic.ttf in Resources */,
				5BA73F412A448D5800D30795 /* Poppins-Black.ttf in Resources */,
				5BA73F3F2A448D5800D30795 /* Poppins-Thin.ttf in Resources */,
				240179582A4DC55B0081A1AB /* CountryNumbers.json in Resources */,
				5B409F2E2A422B0A00F07255 /* Preview Assets.xcassets in Resources */,
				5BA73F3D2A448D5800D30795 /* Poppins-ExtraLight.ttf in Resources */,
				5BA73F342A448D5800D30795 /* Poppins-BlackItalic.ttf in Resources */,
				5BA73F422A448D5800D30795 /* Poppins-ExtraBold.ttf in Resources */,
				5B409F2A2A422B0A00F07255 /* Assets.xcassets in Resources */,
				5BA73F3C2A448D5800D30795 /* Poppins-Bold.ttf in Resources */,
				5BA73F382A448D5800D30795 /* Poppins-MediumItalic.ttf in Resources */,
				5BA73F392A448D5800D30795 /* Poppins-Italic.ttf in Resources */,
				5BA73F3E2A448D5800D30795 /* Poppins-ThinItalic.ttf in Resources */,
				5BA73F3A2A448D5800D30795 /* Poppins-Light.ttf in Resources */,
				5BA73F332A448D5800D30795 /* Poppins-Regular.ttf in Resources */,
			);
			runOnlyForDeploymentPostprocessing = 0;
		};
/* End PBXResourcesBuildPhase section */

/* Begin PBXSourcesBuildPhase section */
		5B409F1E2A422B0900F07255 /* Sources */ = {
			isa = PBXSourcesBuildPhase;
			buildActionMask = 2147483647;
			files = (
				240179492A4C8C030081A1AB /* Profile.swift in Sources */,
				5BA73F5A2A44CFC600D30795 /* LogisticsView.swift in Sources */,
				5BA73F1B2A4235D800D30795 /* CustomInputField.swift in Sources */,
				5BA73F4C2A44A86800D30795 /* FilledButton.swift in Sources */,
				5B409F282A422B0900F07255 /* ContentView.swift in Sources */,
				5BA73F462A44981000D30795 /* Font.swift in Sources */,
				5BA73F582A44C8C100D30795 /* WelcomeView.swift in Sources */,
				5BA73F602A44D47A00D30795 /* IdentityView.swift in Sources */,
				5BA73F642A45D64C00D30795 /* OTPViewModel.swift in Sources */,
				5BA73F522A44BC9200D30795 /* OutlinedButton.swift in Sources */,
				5BE4B0162A49D2AA007392C6 /* OnboardingView.swift in Sources */,
				2401794B2A4CA4200081A1AB /* ModelData.swift in Sources */,
				5B409F262A422B0900F07255 /* flockApp.swift in Sources */,
				2401794D2A4CA9D00081A1AB /* NameView.swift in Sources */,
				2401795E2A4DCAF10081A1AB /* PhoneNumberView.swift in Sources */,
				5BA73F192A4232A800D30795 /* LoginView.swift in Sources */,
				2401794F2A4CBF200081A1AB /* BirthdayView.swift in Sources */,
				5B5186C32A4E0FF500DC86C5 /* PictureUploadView.swift in Sources */,
				2401795A2A4DC6E00081A1AB /* CountryPhoneData.swift in Sources */,
				240179472A4C8B7A0081A1AB /* StarterView.swift in Sources */,
				5BA73F172A422C9C00D30795 /* TitleView.swift in Sources */,
				5B5186C52A4E102300DC86C5 /* ImagePicker.swift in Sources */,
				5BA73F622A45D4CA00D30795 /* VerificationView.swift in Sources */,
				5BA73F1E2A433B1F00D30795 /* Color.swift in Sources */,
			);
			runOnlyForDeploymentPostprocessing = 0;
		};
/* End PBXSourcesBuildPhase section */

/* Begin XCBuildConfiguration section */
		5B409F2F2A422B0A00F07255 /* Debug */ = {
			isa = XCBuildConfiguration;
			buildSettings = {
				ALWAYS_SEARCH_USER_PATHS = NO;
				CLANG_ANALYZER_NONNULL = YES;
				CLANG_ANALYZER_NUMBER_OBJECT_CONVERSION = YES_AGGRESSIVE;
				CLANG_CXX_LANGUAGE_STANDARD = "gnu++20";
				CLANG_ENABLE_MODULES = YES;
				CLANG_ENABLE_OBJC_ARC = YES;
				CLANG_ENABLE_OBJC_WEAK = YES;
				CLANG_WARN_BLOCK_CAPTURE_AUTORELEASING = YES;
				CLANG_WARN_BOOL_CONVERSION = YES;
				CLANG_WARN_COMMA = YES;
				CLANG_WARN_CONSTANT_CONVERSION = YES;
				CLANG_WARN_DEPRECATED_OBJC_IMPLEMENTATIONS = YES;
				CLANG_WARN_DIRECT_OBJC_ISA_USAGE = YES_ERROR;
				CLANG_WARN_DOCUMENTATION_COMMENTS = YES;
				CLANG_WARN_EMPTY_BODY = YES;
				CLANG_WARN_ENUM_CONVERSION = YES;
				CLANG_WARN_INFINITE_RECURSION = YES;
				CLANG_WARN_INT_CONVERSION = YES;
				CLANG_WARN_NON_LITERAL_NULL_CONVERSION = YES;
				CLANG_WARN_OBJC_IMPLICIT_RETAIN_SELF = YES;
				CLANG_WARN_OBJC_LITERAL_CONVERSION = YES;
				CLANG_WARN_OBJC_ROOT_CLASS = YES_ERROR;
				CLANG_WARN_QUOTED_INCLUDE_IN_FRAMEWORK_HEADER = YES;
				CLANG_WARN_RANGE_LOOP_ANALYSIS = YES;
				CLANG_WARN_STRICT_PROTOTYPES = YES;
				CLANG_WARN_SUSPICIOUS_MOVE = YES;
				CLANG_WARN_UNGUARDED_AVAILABILITY = YES_AGGRESSIVE;
				CLANG_WARN_UNREACHABLE_CODE = YES;
				CLANG_WARN__DUPLICATE_METHOD_MATCH = YES;
				COPY_PHASE_STRIP = NO;
				DEBUG_INFORMATION_FORMAT = dwarf;
				ENABLE_STRICT_OBJC_MSGSEND = YES;
				ENABLE_TESTABILITY = YES;
				GCC_C_LANGUAGE_STANDARD = gnu11;
				GCC_DYNAMIC_NO_PIC = NO;
				GCC_NO_COMMON_BLOCKS = YES;
				GCC_OPTIMIZATION_LEVEL = 0;
				GCC_PREPROCESSOR_DEFINITIONS = (
					"DEBUG=1",
					"$(inherited)",
				);
				GCC_WARN_64_TO_32_BIT_CONVERSION = YES;
				GCC_WARN_ABOUT_RETURN_TYPE = YES_ERROR;
				GCC_WARN_UNDECLARED_SELECTOR = YES;
				GCC_WARN_UNINITIALIZED_AUTOS = YES_AGGRESSIVE;
				GCC_WARN_UNUSED_FUNCTION = YES;
				GCC_WARN_UNUSED_VARIABLE = YES;
				MTL_ENABLE_DEBUG_INFO = INCLUDE_SOURCE;
				MTL_FAST_MATH = YES;
				ONLY_ACTIVE_ARCH = YES;
				SWIFT_ACTIVE_COMPILATION_CONDITIONS = DEBUG;
				SWIFT_OPTIMIZATION_LEVEL = "-Onone";
			};
			name = Debug;
		};
		5B409F302A422B0A00F07255 /* Release */ = {
			isa = XCBuildConfiguration;
			buildSettings = {
				ALWAYS_SEARCH_USER_PATHS = NO;
				CLANG_ANALYZER_NONNULL = YES;
				CLANG_ANALYZER_NUMBER_OBJECT_CONVERSION = YES_AGGRESSIVE;
				CLANG_CXX_LANGUAGE_STANDARD = "gnu++20";
				CLANG_ENABLE_MODULES = YES;
				CLANG_ENABLE_OBJC_ARC = YES;
				CLANG_ENABLE_OBJC_WEAK = YES;
				CLANG_WARN_BLOCK_CAPTURE_AUTORELEASING = YES;
				CLANG_WARN_BOOL_CONVERSION = YES;
				CLANG_WARN_COMMA = YES;
				CLANG_WARN_CONSTANT_CONVERSION = YES;
				CLANG_WARN_DEPRECATED_OBJC_IMPLEMENTATIONS = YES;
				CLANG_WARN_DIRECT_OBJC_ISA_USAGE = YES_ERROR;
				CLANG_WARN_DOCUMENTATION_COMMENTS = YES;
				CLANG_WARN_EMPTY_BODY = YES;
				CLANG_WARN_ENUM_CONVERSION = YES;
				CLANG_WARN_INFINITE_RECURSION = YES;
				CLANG_WARN_INT_CONVERSION = YES;
				CLANG_WARN_NON_LITERAL_NULL_CONVERSION = YES;
				CLANG_WARN_OBJC_IMPLICIT_RETAIN_SELF = YES;
				CLANG_WARN_OBJC_LITERAL_CONVERSION = YES;
				CLANG_WARN_OBJC_ROOT_CLASS = YES_ERROR;
				CLANG_WARN_QUOTED_INCLUDE_IN_FRAMEWORK_HEADER = YES;
				CLANG_WARN_RANGE_LOOP_ANALYSIS = YES;
				CLANG_WARN_STRICT_PROTOTYPES = YES;
				CLANG_WARN_SUSPICIOUS_MOVE = YES;
				CLANG_WARN_UNGUARDED_AVAILABILITY = YES_AGGRESSIVE;
				CLANG_WARN_UNREACHABLE_CODE = YES;
				CLANG_WARN__DUPLICATE_METHOD_MATCH = YES;
				COPY_PHASE_STRIP = NO;
				DEBUG_INFORMATION_FORMAT = "dwarf-with-dsym";
				ENABLE_NS_ASSERTIONS = NO;
				ENABLE_STRICT_OBJC_MSGSEND = YES;
				GCC_C_LANGUAGE_STANDARD = gnu11;
				GCC_NO_COMMON_BLOCKS = YES;
				GCC_WARN_64_TO_32_BIT_CONVERSION = YES;
				GCC_WARN_ABOUT_RETURN_TYPE = YES_ERROR;
				GCC_WARN_UNDECLARED_SELECTOR = YES;
				GCC_WARN_UNINITIALIZED_AUTOS = YES_AGGRESSIVE;
				GCC_WARN_UNUSED_FUNCTION = YES;
				GCC_WARN_UNUSED_VARIABLE = YES;
				MTL_ENABLE_DEBUG_INFO = NO;
				MTL_FAST_MATH = YES;
				SWIFT_COMPILATION_MODE = wholemodule;
				SWIFT_OPTIMIZATION_LEVEL = "-O";
			};
			name = Release;
		};
		5B409F322A422B0A00F07255 /* Debug */ = {
			isa = XCBuildConfiguration;
			buildSettings = {
				ASSETCATALOG_COMPILER_APPICON_NAME = AppIcon;
				ASSETCATALOG_COMPILER_GLOBAL_ACCENT_COLOR_NAME = AccentColor;
				CODE_SIGN_ENTITLEMENTS = flock/flock.entitlements;
				CODE_SIGN_STYLE = Automatic;
				CURRENT_PROJECT_VERSION = 1;
				DEVELOPMENT_ASSET_PATHS = "\"flock/Preview Content\"";
				DEVELOPMENT_TEAM = "";
				ENABLE_HARDENED_RUNTIME = YES;
				ENABLE_PREVIEWS = YES;
				GENERATE_INFOPLIST_FILE = YES;
				INFOPLIST_FILE = flock/Info.plist;
				"INFOPLIST_KEY_UIApplicationSceneManifest_Generation[sdk=iphoneos*]" = YES;
				"INFOPLIST_KEY_UIApplicationSceneManifest_Generation[sdk=iphonesimulator*]" = YES;
				"INFOPLIST_KEY_UIApplicationSupportsIndirectInputEvents[sdk=iphoneos*]" = YES;
				"INFOPLIST_KEY_UIApplicationSupportsIndirectInputEvents[sdk=iphonesimulator*]" = YES;
				"INFOPLIST_KEY_UILaunchScreen_Generation[sdk=iphoneos*]" = YES;
				"INFOPLIST_KEY_UILaunchScreen_Generation[sdk=iphonesimulator*]" = YES;
				"INFOPLIST_KEY_UIStatusBarStyle[sdk=iphoneos*]" = UIStatusBarStyleDefault;
				"INFOPLIST_KEY_UIStatusBarStyle[sdk=iphonesimulator*]" = UIStatusBarStyleDefault;
				INFOPLIST_KEY_UISupportedInterfaceOrientations_iPad = "UIInterfaceOrientationPortrait UIInterfaceOrientationPortraitUpsideDown UIInterfaceOrientationLandscapeLeft UIInterfaceOrientationLandscapeRight";
				INFOPLIST_KEY_UISupportedInterfaceOrientations_iPhone = "UIInterfaceOrientationPortrait UIInterfaceOrientationLandscapeLeft UIInterfaceOrientationLandscapeRight";
				IPHONEOS_DEPLOYMENT_TARGET = 16.2;
				LD_RUNPATH_SEARCH_PATHS = "@executable_path/Frameworks";
				"LD_RUNPATH_SEARCH_PATHS[sdk=macosx*]" = "@executable_path/../Frameworks";
				MACOSX_DEPLOYMENT_TARGET = 12.6;
				MARKETING_VERSION = 1.0;
				PRODUCT_BUNDLE_IDENTIFIER = com.flock.flock;
				PRODUCT_NAME = "$(TARGET_NAME)";
				SDKROOT = auto;
				SUPPORTED_PLATFORMS = "iphoneos iphonesimulator macosx";
				SWIFT_EMIT_LOC_STRINGS = YES;
				SWIFT_VERSION = 5.0;
				TARGETED_DEVICE_FAMILY = "1,2";
			};
			name = Debug;
		};
		5B409F332A422B0A00F07255 /* Release */ = {
			isa = XCBuildConfiguration;
			buildSettings = {
				ASSETCATALOG_COMPILER_APPICON_NAME = AppIcon;
				ASSETCATALOG_COMPILER_GLOBAL_ACCENT_COLOR_NAME = AccentColor;
				CODE_SIGN_ENTITLEMENTS = flock/flock.entitlements;
				CODE_SIGN_STYLE = Automatic;
				CURRENT_PROJECT_VERSION = 1;
				DEVELOPMENT_ASSET_PATHS = "\"flock/Preview Content\"";
				DEVELOPMENT_TEAM = "";
				ENABLE_HARDENED_RUNTIME = YES;
				ENABLE_PREVIEWS = YES;
				GENERATE_INFOPLIST_FILE = YES;
				INFOPLIST_FILE = flock/Info.plist;
				"INFOPLIST_KEY_UIApplicationSceneManifest_Generation[sdk=iphoneos*]" = YES;
				"INFOPLIST_KEY_UIApplicationSceneManifest_Generation[sdk=iphonesimulator*]" = YES;
				"INFOPLIST_KEY_UIApplicationSupportsIndirectInputEvents[sdk=iphoneos*]" = YES;
				"INFOPLIST_KEY_UIApplicationSupportsIndirectInputEvents[sdk=iphonesimulator*]" = YES;
				"INFOPLIST_KEY_UILaunchScreen_Generation[sdk=iphoneos*]" = YES;
				"INFOPLIST_KEY_UILaunchScreen_Generation[sdk=iphonesimulator*]" = YES;
				"INFOPLIST_KEY_UIStatusBarStyle[sdk=iphoneos*]" = UIStatusBarStyleDefault;
				"INFOPLIST_KEY_UIStatusBarStyle[sdk=iphonesimulator*]" = UIStatusBarStyleDefault;
				INFOPLIST_KEY_UISupportedInterfaceOrientations_iPad = "UIInterfaceOrientationPortrait UIInterfaceOrientationPortraitUpsideDown UIInterfaceOrientationLandscapeLeft UIInterfaceOrientationLandscapeRight";
				INFOPLIST_KEY_UISupportedInterfaceOrientations_iPhone = "UIInterfaceOrientationPortrait UIInterfaceOrientationLandscapeLeft UIInterfaceOrientationLandscapeRight";
				IPHONEOS_DEPLOYMENT_TARGET = 16.2;
				LD_RUNPATH_SEARCH_PATHS = "@executable_path/Frameworks";
				"LD_RUNPATH_SEARCH_PATHS[sdk=macosx*]" = "@executable_path/../Frameworks";
				MACOSX_DEPLOYMENT_TARGET = 12.6;
				MARKETING_VERSION = 1.0;
				PRODUCT_BUNDLE_IDENTIFIER = com.flock.flock;
				PRODUCT_NAME = "$(TARGET_NAME)";
				SDKROOT = auto;
				SUPPORTED_PLATFORMS = "iphoneos iphonesimulator macosx";
				SWIFT_EMIT_LOC_STRINGS = YES;
				SWIFT_VERSION = 5.0;
				TARGETED_DEVICE_FAMILY = "1,2";
			};
			name = Release;
		};
/* End XCBuildConfiguration section */

/* Begin XCConfigurationList section */
		5B409F1D2A422B0800F07255 /* Build configuration list for PBXProject "flock" */ = {
			isa = XCConfigurationList;
			buildConfigurations = (
				5B409F2F2A422B0A00F07255 /* Debug */,
				5B409F302A422B0A00F07255 /* Release */,
			);
			defaultConfigurationIsVisible = 0;
			defaultConfigurationName = Release;
		};
		5B409F312A422B0A00F07255 /* Build configuration list for PBXNativeTarget "flock" */ = {
			isa = XCConfigurationList;
			buildConfigurations = (
				5B409F322A422B0A00F07255 /* Debug */,
				5B409F332A422B0A00F07255 /* Release */,
			);
			defaultConfigurationIsVisible = 0;
			defaultConfigurationName = Release;
		};
/* End XCConfigurationList section */
	};
	rootObject = 5B409F1A2A422B0800F07255 /* Project object */;
}
